// !$*UTF8*$!
{
	archiveVersion = 1;
	classes = {
	};
	objectVersion = 56;
	objects = {

/* Begin PBXBuildFile section */
		DB8900762B6A106C003EDA0B /* CombinePlaygroundApp.swift in Sources */ = {isa = PBXBuildFile; fileRef = DB8900752B6A106C003EDA0B /* CombinePlaygroundApp.swift */; };
		DB8900782B6A106C003EDA0B /* RootView.swift in Sources */ = {isa = PBXBuildFile; fileRef = DB8900772B6A106C003EDA0B /* RootView.swift */; };
		DB89007A2B6A106D003EDA0B /* Assets.xcassets in Resources */ = {isa = PBXBuildFile; fileRef = DB8900792B6A106D003EDA0B /* Assets.xcassets */; };
		DB89007D2B6A106D003EDA0B /* Preview Assets.xcassets in Resources */ = {isa = PBXBuildFile; fileRef = DB89007C2B6A106D003EDA0B /* Preview Assets.xcassets */; };
		DB8900882B6A106D003EDA0B /* CombinePlaygroundTests.swift in Sources */ = {isa = PBXBuildFile; fileRef = DB8900872B6A106D003EDA0B /* CombinePlaygroundTests.swift */; };
		DB8900A12B6AA0EB003EDA0B /* AppDelegate.swift in Sources */ = {isa = PBXBuildFile; fileRef = DB8900A02B6AA0EB003EDA0B /* AppDelegate.swift */; };
		DBF90C792B8421D1009F233C /* MainSubject.swift in Sources */ = {isa = PBXBuildFile; fileRef = DBF90C782B8421D1009F233C /* MainSubject.swift */; };
		DBF90C7B2B8425D9009F233C /* SubjectDetailView.swift in Sources */ = {isa = PBXBuildFile; fileRef = DBF90C7A2B8425D9009F233C /* SubjectDetailView.swift */; };
/* End PBXBuildFile section */

/* Begin PBXContainerItemProxy section */
		DB8900842B6A106D003EDA0B /* PBXContainerItemProxy */ = {
			isa = PBXContainerItemProxy;
			containerPortal = DB89006A2B6A106C003EDA0B /* Project object */;
			proxyType = 1;
			remoteGlobalIDString = DB8900712B6A106C003EDA0B;
			remoteInfo = CombinePlayground;
		};
/* End PBXContainerItemProxy section */

/* Begin PBXFileReference section */
		DB8900722B6A106C003EDA0B /* CombinePlayground.app */ = {isa = PBXFileReference; explicitFileType = wrapper.application; includeInIndex = 0; path = CombinePlayground.app; sourceTree = BUILT_PRODUCTS_DIR; };
		DB8900752B6A106C003EDA0B /* CombinePlaygroundApp.swift */ = {isa = PBXFileReference; lastKnownFileType = sourcecode.swift; path = CombinePlaygroundApp.swift; sourceTree = "<group>"; };
		DB8900772B6A106C003EDA0B /* RootView.swift */ = {isa = PBXFileReference; lastKnownFileType = sourcecode.swift; path = RootView.swift; sourceTree = "<group>"; };
		DB8900792B6A106D003EDA0B /* Assets.xcassets */ = {isa = PBXFileReference; lastKnownFileType = folder.assetcatalog; path = Assets.xcassets; sourceTree = "<group>"; };
		DB89007C2B6A106D003EDA0B /* Preview Assets.xcassets */ = {isa = PBXFileReference; lastKnownFileType = folder.assetcatalog; path = "Preview Assets.xcassets"; sourceTree = "<group>"; };
		DB89007E2B6A106D003EDA0B /* CombinePlayground.entitlements */ = {isa = PBXFileReference; lastKnownFileType = text.plist.entitlements; path = CombinePlayground.entitlements; sourceTree = "<group>"; };
		DB8900832B6A106D003EDA0B /* CombinePlaygroundTests.xctest */ = {isa = PBXFileReference; explicitFileType = wrapper.cfbundle; includeInIndex = 0; path = CombinePlaygroundTests.xctest; sourceTree = BUILT_PRODUCTS_DIR; };
		DB8900872B6A106D003EDA0B /* CombinePlaygroundTests.swift */ = {isa = PBXFileReference; lastKnownFileType = sourcecode.swift; path = CombinePlaygroundTests.swift; sourceTree = "<group>"; };
		DB8900A02B6AA0EB003EDA0B /* AppDelegate.swift */ = {isa = PBXFileReference; lastKnownFileType = sourcecode.swift; path = AppDelegate.swift; sourceTree = "<group>"; };
		DBF90C782B8421D1009F233C /* MainSubject.swift */ = {isa = PBXFileReference; lastKnownFileType = sourcecode.swift; path = MainSubject.swift; sourceTree = "<group>"; };
		DBF90C7A2B8425D9009F233C /* SubjectDetailView.swift */ = {isa = PBXFileReference; lastKnownFileType = sourcecode.swift; path = SubjectDetailView.swift; sourceTree = "<group>"; };
/* End PBXFileReference section */

/* Begin PBXFrameworksBuildPhase section */
		DB89006F2B6A106C003EDA0B /* Frameworks */ = {
			isa = PBXFrameworksBuildPhase;
			buildActionMask = 2147483647;
			files = (
			);
			runOnlyForDeploymentPostprocessing = 0;
		};
		DB8900802B6A106D003EDA0B /* Frameworks */ = {
			isa = PBXFrameworksBuildPhase;
			buildActionMask = 2147483647;
			files = (
			);
			runOnlyForDeploymentPostprocessing = 0;
		};
/* End PBXFrameworksBuildPhase section */

/* Begin PBXGroup section */
		DB8900692B6A106C003EDA0B = {
			isa = PBXGroup;
			children = (
				DB8900742B6A106C003EDA0B /* CombinePlayground */,
				DB8900862B6A106D003EDA0B /* CombinePlaygroundTests */,
				DB8900732B6A106C003EDA0B /* Products */,
			);
			sourceTree = "<group>";
		};
		DB8900732B6A106C003EDA0B /* Products */ = {
			isa = PBXGroup;
			children = (
				DB8900722B6A106C003EDA0B /* CombinePlayground.app */,
				DB8900832B6A106D003EDA0B /* CombinePlaygroundTests.xctest */,
			);
			name = Products;
			sourceTree = "<group>";
		};
		DB8900742B6A106C003EDA0B /* CombinePlayground */ = {
			isa = PBXGroup;
			children = (
				DB8900A02B6AA0EB003EDA0B /* AppDelegate.swift */,
				DB8900752B6A106C003EDA0B /* CombinePlaygroundApp.swift */,
				DBF90C762B842177009F233C /* View */,
				DBF90C772B8421A1009F233C /* Model */,
				DB8900792B6A106D003EDA0B /* Assets.xcassets */,
				DB89007E2B6A106D003EDA0B /* CombinePlayground.entitlements */,
				DB89007B2B6A106D003EDA0B /* Preview Content */,
			);
			path = CombinePlayground;
			sourceTree = "<group>";
		};
		DB89007B2B6A106D003EDA0B /* Preview Content */ = {
			isa = PBXGroup;
			children = (
				DB89007C2B6A106D003EDA0B /* Preview Assets.xcassets */,
			);
			path = "Preview Content";
			sourceTree = "<group>";
		};
		DB8900862B6A106D003EDA0B /* CombinePlaygroundTests */ = {
			isa = PBXGroup;
			children = (
				DB8900872B6A106D003EDA0B /* CombinePlaygroundTests.swift */,
			);
			path = CombinePlaygroundTests;
			sourceTree = "<group>";
		};
		DBF90C762B842177009F233C /* View */ = {
			isa = PBXGroup;
			children = (
				DB8900772B6A106C003EDA0B /* RootView.swift */,
				DBF90C7A2B8425D9009F233C /* SubjectDetailView.swift */,
			);
			path = View;
			sourceTree = "<group>";
		};
		DBF90C772B8421A1009F233C /* Model */ = {
			isa = PBXGroup;
			children = (
				DBF90C782B8421D1009F233C /* MainSubject.swift */,
			);
			path = Model;
			sourceTree = "<group>";
		};
/* End PBXGroup section */

/* Begin PBXNativeTarget section */
		DB8900712B6A106C003EDA0B /* CombinePlayground */ = {
			isa = PBXNativeTarget;
			buildConfigurationList = DB8900972B6A106D003EDA0B /* Build configuration list for PBXNativeTarget "CombinePlayground" */;
			buildPhases = (
				DB89006E2B6A106C003EDA0B /* Sources */,
				DB89006F2B6A106C003EDA0B /* Frameworks */,
				DB8900702B6A106C003EDA0B /* Resources */,
			);
			buildRules = (
			);
			dependencies = (
			);
			name = CombinePlayground;
			productName = CombinePlayground;
			productReference = DB8900722B6A106C003EDA0B /* CombinePlayground.app */;
			productType = "com.apple.product-type.application";
		};
		DB8900822B6A106D003EDA0B /* CombinePlaygroundTests */ = {
			isa = PBXNativeTarget;
			buildConfigurationList = DB89009A2B6A106D003EDA0B /* Build configuration list for PBXNativeTarget "CombinePlaygroundTests" */;
			buildPhases = (
				DB89007F2B6A106D003EDA0B /* Sources */,
				DB8900802B6A106D003EDA0B /* Frameworks */,
				DB8900812B6A106D003EDA0B /* Resources */,
			);
			buildRules = (
			);
			dependencies = (
				DB8900852B6A106D003EDA0B /* PBXTargetDependency */,
			);
			name = CombinePlaygroundTests;
			productName = CombinePlaygroundTests;
			productReference = DB8900832B6A106D003EDA0B /* CombinePlaygroundTests.xctest */;
			productType = "com.apple.product-type.bundle.unit-test";
		};
/* End PBXNativeTarget section */

/* Begin PBXProject section */
		DB89006A2B6A106C003EDA0B /* Project object */ = {
			isa = PBXProject;
			attributes = {
				BuildIndependentTargetsInParallel = 1;
				LastSwiftUpdateCheck = 1500;
				LastUpgradeCheck = 1500;
				TargetAttributes = {
					DB8900712B6A106C003EDA0B = {
						CreatedOnToolsVersion = 15.0.1;
					};
					DB8900822B6A106D003EDA0B = {
						CreatedOnToolsVersion = 15.0.1;
						TestTargetID = DB8900712B6A106C003EDA0B;
					};
				};
			};
			buildConfigurationList = DB89006D2B6A106C003EDA0B /* Build configuration list for PBXProject "CombinePlayground" */;
			compatibilityVersion = "Xcode 14.0";
			developmentRegion = en;
			hasScannedForEncodings = 0;
			knownRegions = (
				en,
				Base,
			);
			mainGroup = DB8900692B6A106C003EDA0B;
			productRefGroup = DB8900732B6A106C003EDA0B /* Products */;
			projectDirPath = "";
			projectRoot = "";
			targets = (
				DB8900712B6A106C003EDA0B /* CombinePlayground */,
				DB8900822B6A106D003EDA0B /* CombinePlaygroundTests */,
			);
		};
/* End PBXProject section */

/* Begin PBXResourcesBuildPhase section */
		DB8900702B6A106C003EDA0B /* Resources */ = {
			isa = PBXResourcesBuildPhase;
			buildActionMask = 2147483647;
			files = (
				DB89007D2B6A106D003EDA0B /* Preview Assets.xcassets in Resources */,
				DB89007A2B6A106D003EDA0B /* Assets.xcassets in Resources */,
			);
			runOnlyForDeploymentPostprocessing = 0;
		};
		DB8900812B6A106D003EDA0B /* Resources */ = {
			isa = PBXResourcesBuildPhase;
			buildActionMask = 2147483647;
			files = (
			);
			runOnlyForDeploymentPostprocessing = 0;
		};
/* End PBXResourcesBuildPhase section */

/* Begin PBXSourcesBuildPhase section */
		DB89006E2B6A106C003EDA0B /* Sources */ = {
			isa = PBXSourcesBuildPhase;
			buildActionMask = 2147483647;
			files = (
				DB8900A12B6AA0EB003EDA0B /* AppDelegate.swift in Sources */,
				DBF90C792B8421D1009F233C /* MainSubject.swift in Sources */,
				DBF90C7B2B8425D9009F233C /* SubjectDetailView.swift in Sources */,
				DB8900782B6A106C003EDA0B /* RootView.swift in Sources */,
				DB8900762B6A106C003EDA0B /* CombinePlaygroundApp.swift in Sources */,
			);
			runOnlyForDeploymentPostprocessing = 0;
		};
		DB89007F2B6A106D003EDA0B /* Sources */ = {
			isa = PBXSourcesBuildPhase;
			buildActionMask = 2147483647;
			files = (
				DB8900882B6A106D003EDA0B /* CombinePlaygroundTests.swift in Sources */,
			);
			runOnlyForDeploymentPostprocessing = 0;
		};
/* End PBXSourcesBuildPhase section */

/* Begin PBXTargetDependency section */
		DB8900852B6A106D003EDA0B /* PBXTargetDependency */ = {
			isa = PBXTargetDependency;
			target = DB8900712B6A106C003EDA0B /* CombinePlayground */;
			targetProxy = DB8900842B6A106D003EDA0B /* PBXContainerItemProxy */;
		};
/* End PBXTargetDependency section */

/* Begin XCBuildConfiguration section */
		DB8900952B6A106D003EDA0B /* Debug */ = {
			isa = XCBuildConfiguration;
			buildSettings = {
				ALWAYS_SEARCH_USER_PATHS = NO;
				ASSETCATALOG_COMPILER_GENERATE_SWIFT_ASSET_SYMBOL_EXTENSIONS = YES;
				CLANG_ANALYZER_NONNULL = YES;
				CLANG_ANALYZER_NUMBER_OBJECT_CONVERSION = YES_AGGRESSIVE;
				CLANG_CXX_LANGUAGE_STANDARD = "gnu++20";
				CLANG_ENABLE_MODULES = YES;
				CLANG_ENABLE_OBJC_ARC = YES;
				CLANG_ENABLE_OBJC_WEAK = YES;
				CLANG_WARN_BLOCK_CAPTURE_AUTORELEASING = YES;
				CLANG_WARN_BOOL_CONVERSION = YES;
				CLANG_WARN_COMMA = YES;
				CLANG_WARN_CONSTANT_CONVERSION = YES;
				CLANG_WARN_DEPRECATED_OBJC_IMPLEMENTATIONS = YES;
				CLANG_WARN_DIRECT_OBJC_ISA_USAGE = YES_ERROR;
				CLANG_WARN_DOCUMENTATION_COMMENTS = YES;
				CLANG_WARN_EMPTY_BODY = YES;
				CLANG_WARN_ENUM_CONVERSION = YES;
				CLANG_WARN_INFINITE_RECURSION = YES;
				CLANG_WARN_INT_CONVERSION = YES;
				CLANG_WARN_NON_LITERAL_NULL_CONVERSION = YES;
				CLANG_WARN_OBJC_IMPLICIT_RETAIN_SELF = YES;
				CLANG_WARN_OBJC_LITERAL_CONVERSION = YES;
				CLANG_WARN_OBJC_ROOT_CLASS = YES_ERROR;
				CLANG_WARN_QUOTED_INCLUDE_IN_FRAMEWORK_HEADER = YES;
				CLANG_WARN_RANGE_LOOP_ANALYSIS = YES;
				CLANG_WARN_STRICT_PROTOTYPES = YES;
				CLANG_WARN_SUSPICIOUS_MOVE = YES;
				CLANG_WARN_UNGUARDED_AVAILABILITY = YES_AGGRESSIVE;
				CLANG_WARN_UNREACHABLE_CODE = YES;
				CLANG_WARN__DUPLICATE_METHOD_MATCH = YES;
				COPY_PHASE_STRIP = NO;
				DEBUG_INFORMATION_FORMAT = dwarf;
				ENABLE_STRICT_OBJC_MSGSEND = YES;
				ENABLE_TESTABILITY = YES;
				ENABLE_USER_SCRIPT_SANDBOXING = YES;
				GCC_C_LANGUAGE_STANDARD = gnu17;
				GCC_DYNAMIC_NO_PIC = NO;
				GCC_NO_COMMON_BLOCKS = YES;
				GCC_OPTIMIZATION_LEVEL = 0;
				GCC_PREPROCESSOR_DEFINITIONS = (
					"DEBUG=1",
					"$(inherited)",
				);
				GCC_WARN_64_TO_32_BIT_CONVERSION = YES;
				GCC_WARN_ABOUT_RETURN_TYPE = YES_ERROR;
				GCC_WARN_UNDECLARED_SELECTOR = YES;
				GCC_WARN_UNINITIALIZED_AUTOS = YES_AGGRESSIVE;
				GCC_WARN_UNUSED_FUNCTION = YES;
				GCC_WARN_UNUSED_VARIABLE = YES;
				LOCALIZATION_PREFERS_STRING_CATALOGS = YES;
				MACOSX_DEPLOYMENT_TARGET = 13.0;
				MTL_ENABLE_DEBUG_INFO = INCLUDE_SOURCE;
				MTL_FAST_MATH = YES;
				ONLY_ACTIVE_ARCH = YES;
				SDKROOT = macosx;
				SWIFT_ACTIVE_COMPILATION_CONDITIONS = "DEBUG $(inherited)";
				SWIFT_OPTIMIZATION_LEVEL = "-Onone";
			};
			name = Debug;
		};
		DB8900962B6A106D003EDA0B /* Release */ = {
			isa = XCBuildConfiguration;
			buildSettings = {
				ALWAYS_SEARCH_USER_PATHS = NO;
				ASSETCATALOG_COMPILER_GENERATE_SWIFT_ASSET_SYMBOL_EXTENSIONS = YES;
				CLANG_ANALYZER_NONNULL = YES;
				CLANG_ANALYZER_NUMBER_OBJECT_CONVERSION = YES_AGGRESSIVE;
				CLANG_CXX_LANGUAGE_STANDARD = "gnu++20";
				CLANG_ENABLE_MODULES = YES;
				CLANG_ENABLE_OBJC_ARC = YES;
				CLANG_ENABLE_OBJC_WEAK = YES;
				CLANG_WARN_BLOCK_CAPTURE_AUTORELEASING = YES;
				CLANG_WARN_BOOL_CONVERSION = YES;
				CLANG_WARN_COMMA = YES;
				CLANG_WARN_CONSTANT_CONVERSION = YES;
				CLANG_WARN_DEPRECATED_OBJC_IMPLEMENTATIONS = YES;
				CLANG_WARN_DIRECT_OBJC_ISA_USAGE = YES_ERROR;
				CLANG_WARN_DOCUMENTATION_COMMENTS = YES;
				CLANG_WARN_EMPTY_BODY = YES;
				CLANG_WARN_ENUM_CONVERSION = YES;
				CLANG_WARN_INFINITE_RECURSION = YES;
				CLANG_WARN_INT_CONVERSION = YES;
				CLANG_WARN_NON_LITERAL_NULL_CONVERSION = YES;
				CLANG_WARN_OBJC_IMPLICIT_RETAIN_SELF = YES;
				CLANG_WARN_OBJC_LITERAL_CONVERSION = YES;
				CLANG_WARN_OBJC_ROOT_CLASS = YES_ERROR;
				CLANG_WARN_QUOTED_INCLUDE_IN_FRAMEWORK_HEADER = YES;
				CLANG_WARN_RANGE_LOOP_ANALYSIS = YES;
				CLANG_WARN_STRICT_PROTOTYPES = YES;
				CLANG_WARN_SUSPICIOUS_MOVE = YES;
				CLANG_WARN_UNGUARDED_AVAILABILITY = YES_AGGRESSIVE;
				CLANG_WARN_UNREACHABLE_CODE = YES;
				CLANG_WARN__DUPLICATE_METHOD_MATCH = YES;
				COPY_PHASE_STRIP = NO;
				DEBUG_INFORMATION_FORMAT = "dwarf-with-dsym";
				ENABLE_NS_ASSERTIONS = NO;
				ENABLE_STRICT_OBJC_MSGSEND = YES;
				ENABLE_USER_SCRIPT_SANDBOXING = YES;
				GCC_C_LANGUAGE_STANDARD = gnu17;
				GCC_NO_COMMON_BLOCKS = YES;
				GCC_WARN_64_TO_32_BIT_CONVERSION = YES;
				GCC_WARN_ABOUT_RETURN_TYPE = YES_ERROR;
				GCC_WARN_UNDECLARED_SELECTOR = YES;
				GCC_WARN_UNINITIALIZED_AUTOS = YES_AGGRESSIVE;
				GCC_WARN_UNUSED_FUNCTION = YES;
				GCC_WARN_UNUSED_VARIABLE = YES;
				LOCALIZATION_PREFERS_STRING_CATALOGS = YES;
				MACOSX_DEPLOYMENT_TARGET = 13.0;
				MTL_ENABLE_DEBUG_INFO = NO;
				MTL_FAST_MATH = YES;
				SDKROOT = macosx;
				SWIFT_COMPILATION_MODE = wholemodule;
			};
			name = Release;
		};
		DB8900982B6A106D003EDA0B /* Debug */ = {
			isa = XCBuildConfiguration;
			buildSettings = {
				ASSETCATALOG_COMPILER_APPICON_NAME = AppIcon;
				ASSETCATALOG_COMPILER_GLOBAL_ACCENT_COLOR_NAME = AccentColor;
				CODE_SIGN_ENTITLEMENTS = CombinePlayground/CombinePlayground.entitlements;
				CODE_SIGN_STYLE = Automatic;
				COMBINE_HIDPI_IMAGES = YES;
				CURRENT_PROJECT_VERSION = 1;
				DEVELOPMENT_ASSET_PATHS = "\"CombinePlayground/Preview Content\"";
				DEVELOPMENT_TEAM = AWR77X8V5R;
				ENABLE_HARDENED_RUNTIME = YES;
				ENABLE_PREVIEWS = YES;
				GENERATE_INFOPLIST_FILE = YES;
				INFOPLIST_KEY_NSHumanReadableCopyright = "";
				LD_RUNPATH_SEARCH_PATHS = (
					"$(inherited)",
					"@executable_path/../Frameworks",
				);
				MARKETING_VERSION = 1.0;
				PRODUCT_BUNDLE_IDENTIFIER = com.chmun.CombinePlayground;
				PRODUCT_NAME = "$(TARGET_NAME)";
				SWIFT_EMIT_LOC_STRINGS = YES;
				SWIFT_VERSION = 5.0;
			};
			name = Debug;
		};
		DB8900992B6A106D003EDA0B /* Release */ = {
			isa = XCBuildConfiguration;
			buildSettings = {
				ASSETCATALOG_COMPILER_APPICON_NAME = AppIcon;
				ASSETCATALOG_COMPILER_GLOBAL_ACCENT_COLOR_NAME = AccentColor;
				CODE_SIGN_ENTITLEMENTS = CombinePlayground/CombinePlayground.entitlements;
				CODE_SIGN_STYLE = Automatic;
				COMBINE_HIDPI_IMAGES = YES;
				CURRENT_PROJECT_VERSION = 1;
				DEVELOPMENT_ASSET_PATHS = "\"CombinePlayground/Preview Content\"";
				DEVELOPMENT_TEAM = AWR77X8V5R;
				ENABLE_HARDENED_RUNTIME = YES;
				ENABLE_PREVIEWS = YES;
				GENERATE_INFOPLIST_FILE = YES;
				INFOPLIST_KEY_NSHumanReadableCopyright = "";
				LD_RUNPATH_SEARCH_PATHS = (
					"$(inherited)",
					"@executable_path/../Frameworks",
				);
				MARKETING_VERSION = 1.0;
				PRODUCT_BUNDLE_IDENTIFIER = com.chmun.CombinePlayground;
				PRODUCT_NAME = "$(TARGET_NAME)";
				SWIFT_EMIT_LOC_STRINGS = YES;
				SWIFT_VERSION = 5.0;
			};
			name = Release;
		};
		DB89009B2B6A106D003EDA0B /* Debug */ = {
			isa = XCBuildConfiguration;
			buildSettings = {
				ALWAYS_EMBED_SWIFT_STANDARD_LIBRARIES = YES;
				BUNDLE_LOADER = "$(TEST_HOST)";
				CODE_SIGN_STYLE = Automatic;
				CURRENT_PROJECT_VERSION = 1;
				DEVELOPMENT_TEAM = AWR77X8V5R;
				GENERATE_INFOPLIST_FILE = YES;
				MACOSX_DEPLOYMENT_TARGET = 14.0;
				MARKETING_VERSION = 1.0;
				PRODUCT_BUNDLE_IDENTIFIER = com.chmun.CombinePlaygroundTests;
				PRODUCT_NAME = "$(TARGET_NAME)";
				SWIFT_EMIT_LOC_STRINGS = NO;
				SWIFT_VERSION = 5.0;
				TEST_HOST = "$(BUILT_PRODUCTS_DIR)/CombinePlayground.app/$(BUNDLE_EXECUTABLE_FOLDER_PATH)/CombinePlayground";
			};
			name = Debug;
		};
		DB89009C2B6A106D003EDA0B /* Release */ = {
			isa = XCBuildConfiguration;
			buildSettings = {
				ALWAYS_EMBED_SWIFT_STANDARD_LIBRARIES = YES;
				BUNDLE_LOADER = "$(TEST_HOST)";
				CODE_SIGN_STYLE = Automatic;
				CURRENT_PROJECT_VERSION = 1;
				DEVELOPMENT_TEAM = AWR77X8V5R;
				GENERATE_INFOPLIST_FILE = YES;
				MACOSX_DEPLOYMENT_TARGET = 14.0;
				MARKETING_VERSION = 1.0;
				PRODUCT_BUNDLE_IDENTIFIER = com.chmun.CombinePlaygroundTests;
				PRODUCT_NAME = "$(TARGET_NAME)";
				SWIFT_EMIT_LOC_STRINGS = NO;
				SWIFT_VERSION = 5.0;
				TEST_HOST = "$(BUILT_PRODUCTS_DIR)/CombinePlayground.app/$(BUNDLE_EXECUTABLE_FOLDER_PATH)/CombinePlayground";
			};
			name = Release;
		};
/* End XCBuildConfiguration section */

/* Begin XCConfigurationList section */
		DB89006D2B6A106C003EDA0B /* Build configuration list for PBXProject "CombinePlayground" */ = {
			isa = XCConfigurationList;
			buildConfigurations = (
				DB8900952B6A106D003EDA0B /* Debug */,
				DB8900962B6A106D003EDA0B /* Release */,
			);
			defaultConfigurationIsVisible = 0;
			defaultConfigurationName = Release;
		};
		DB8900972B6A106D003EDA0B /* Build configuration list for PBXNativeTarget "CombinePlayground" */ = {
			isa = XCConfigurationList;
			buildConfigurations = (
				DB8900982B6A106D003EDA0B /* Debug */,
				DB8900992B6A106D003EDA0B /* Release */,
			);
			defaultConfigurationIsVisible = 0;
			defaultConfigurationName = Release;
		};
		DB89009A2B6A106D003EDA0B /* Build configuration list for PBXNativeTarget "CombinePlaygroundTests" */ = {
			isa = XCConfigurationList;
			buildConfigurations = (
				DB89009B2B6A106D003EDA0B /* Debug */,
				DB89009C2B6A106D003EDA0B /* Release */,
			);
			defaultConfigurationIsVisible = 0;
			defaultConfigurationName = Release;
		};
/* End XCConfigurationList section */
	};
	rootObject = DB89006A2B6A106C003EDA0B /* Project object */;
}
